
Microsoft Visual Studio Solution File, Format Version 12.00
# Visual Studio 14
VisualStudioVersion = 14.0.25420.1
MinimumVisualStudioVersion = 10.0.40219.1
Project("{FAE04EC0-301F-11D3-BF4B-00C04F79EFBC}") = "CredditoBitss", "Credito\CredditoBitss.csproj", "{62DB1C24-1A15-451D-9530-B2F0041EC797}"
EndProject
Project("{FAE04EC0-301F-11D3-BF4B-00C04F79EFBC}") = "LiccBitss", "LiccBitss\LiccBitss.csproj", "{D7DD8ADA-E218-4FE5-BA3A-7A349C7D0F3F}"
EndProject
Project("{2150E333-8FDC-42A3-9474-1A3956D46DE8}") = "Creddito", "Creddito", "{73D14FC7-0766-45CF-AAA2-0CF2B9B6243F}"
EndProject
Project("{2150E333-8FDC-42A3-9474-1A3956D46DE8}") = "Licc", "Licc", "{F0173499-D2D5-4936-B1D9-FFC1A1C0A38A}"
EndProject
Project("{2150E333-8FDC-42A3-9474-1A3956D46DE8}") = "Avvio", "Avvio", "{C2682AC4-16E8-4899-B322-3C6B58896847}"
EndProject
Project("{FAE04EC0-301F-11D3-BF4B-00C04F79EFBC}") = "Avvio", "Avvio\Avvio.csproj", "{773CAEDB-2F51-4DD4-B957-B4C1895FCC39}"
EndProject
Project("{2150E333-8FDC-42A3-9474-1A3956D46DE8}") = "Inportazione", "Inportazione", "{33C35FD2-9FD6-4F6A-9A83-20C865B62619}"
EndProject
Project("{FAE04EC0-301F-11D3-BF4B-00C04F79EFBC}") = "InportazioneBitss", "InportazioneVuCiEffe\InportazioneBitss.csproj", "{BF8461F8-3667-4092-8B5A-99BE62F9532A}"
EndProject
Global
	GlobalSection(SolutionConfigurationPlatforms) = preSolution
		Debug|Any CPU = Debug|Any CPU
		Release|Any CPU = Release|Any CPU
	EndGlobalSection
	GlobalSection(ProjectConfigurationPlatforms) = postSolution
		{62DB1C24-1A15-451D-9530-B2F0041EC797}.Debug|Any CPU.ActiveCfg = Debug|Any CPU
		{62DB1C24-1A15-451D-9530-B2F0041EC797}.Debug|Any CPU.Build.0 = Debug|Any CPU
		{62DB1C24-1A15-451D-9530-B2F0041EC797}.Release|Any CPU.ActiveCfg = Release|Any CPU
		{62DB1C24-1A15-451D-9530-B2F0041EC797}.Release|Any CPU.Build.0 = Release|Any CPU
		{D7DD8ADA-E218-4FE5-BA3A-7A349C7D0F3F}.Debug|Any CPU.ActiveCfg = Debug|Any CPU
		{D7DD8ADA-E218-4FE5-BA3A-7A349C7D0F3F}.Debug|Any CPU.Build.0 = Debug|Any CPU
		{D7DD8ADA-E218-4FE5-BA3A-7A349C7D0F3F}.Release|Any CPU.ActiveCfg = Release|Any CPU
		{D7DD8ADA-E218-4FE5-BA3A-7A349C7D0F3F}.Release|Any CPU.Build.0 = Release|Any CPU
		{773CAEDB-2F51-4DD4-B957-B4C1895FCC39}.Debug|Any CPU.ActiveCfg = Debug|Any CPU
		{773CAEDB-2F51-4DD4-B957-B4C1895FCC39}.Debug|Any CPU.Build.0 = Debug|Any CPU
		{773CAEDB-2F51-4DD4-B957-B4C1895FCC39}.Release|Any CPU.ActiveCfg = Release|Any CPU
		{773CAEDB-2F51-4DD4-B957-B4C1895FCC39}.Release|Any CPU.Build.0 = Release|Any CPU
		{BF8461F8-3667-4092-8B5A-99BE62F9532A}.Debug|Any CPU.ActiveCfg = Debug|Any CPU
		{BF8461F8-3667-4092-8B5A-99BE62F9532A}.Debug|Any CPU.Build.0 = Debug|Any CPU
		{BF8461F8-3667-4092-8B5A-99BE62F9532A}.Release|Any CPU.ActiveCfg = Release|Any CPU
		{BF8461F8-3667-4092-8B5A-99BE62F9532A}.Release|Any CPU.Build.0 = Release|Any CPU
	EndGlobalSection
	GlobalSection(SolutionProperties) = preSolution
		HideSolutionNode = FALSE
	EndGlobalSection
	GlobalSection(NestedProjects) = preSolution
		{62DB1C24-1A15-451D-9530-B2F0041EC797} = {73D14FC7-0766-45CF-AAA2-0CF2B9B6243F}
		{D7DD8ADA-E218-4FE5-BA3A-7A349C7D0F3F} = {F0173499-D2D5-4936-B1D9-FFC1A1C0A38A}
		{773CAEDB-2F51-4DD4-B957-B4C1895FCC39} = {C2682AC4-16E8-4899-B322-3C6B58896847}
		{BF8461F8-3667-4092-8B5A-99BE62F9532A} = {33C35FD2-9FD6-4F6A-9A83-20C865B62619}
	EndGlobalSection
EndGlobal
